
Microsoft Visual Studio Solution File, Format Version 12.00
# Visual Studio Version 16
VisualStudioVersion = 16.0.33214.272
MinimumVisualStudioVersion = 10.0.40219.1
Project("{9A19103F-16F7-4668-BE54-9A1E7A4F7556}") = "NoPenalty", "NoPenalty.csproj", "{41586E1A-10F7-4D30-925C-523A1C15A029}"
EndProject
Global
	GlobalSection(SolutionConfigurationPlatforms) = preSolution
		Debug|Any CPU = Debug|Any CPU
		Release|Any CPU = Release|Any CPU
	EndGlobalSection
	GlobalSection(ProjectConfigurationPlatforms) = postSolution
		{41586E1A-10F7-4D30-925C-523A1C15A029}.Debug|Any CPU.ActiveCfg = Debug|Any CPU
		{41586E1A-10F7-4D30-925C-523A1C15A029}.Debug|Any CPU.Build.0 = Debug|Any CPU
		{41586E1A-10F7-4D30-925C-523A1C15A029}.Release|Any CPU.ActiveCfg = Release|Any CPU
		{41586E1A-10F7-4D30-925C-523A1C15A029}.Release|Any CPU.Build.0 = Release|Any CPU
	EndGlobalSection
	GlobalSection(SolutionProperties) = preSolution
		HideSolutionNode = FALSE
	EndGlobalSection
	GlobalSection(ExtensibilityGlobals) = postSolution
		SolutionGuid = {CCE183DC-818E-4683-BA95-9E8230C484A7}
	EndGlobalSection
EndGlobal
